
Microsoft Visual Studio Solution File, Format Version 12.00
# Visual Studio Version 16
VisualStudioVersion = 16.0.32126.315
MinimumVisualStudioVersion = 10.0.40219.1
Project("{FAE04EC0-301F-11D3-BF4B-00C04F79EFBC}") = "WCF_Mina", "WFC_Mina_Parcial\WCF_Mina.csproj", "{E0289150-D0AE-4CE1-8EE7-E80886D1953E}"
EndProject
Global
	GlobalSection(SolutionConfigurationPlatforms) = preSolution
		Debug|Any CPU = Debug|Any CPU
		Release|Any CPU = Release|Any CPU
	EndGlobalSection
	GlobalSection(ProjectConfigurationPlatforms) = postSolution
		{E0289150-D0AE-4CE1-8EE7-E80886D1953E}.Debug|Any CPU.ActiveCfg = Debug|Any CPU
		{E0289150-D0AE-4CE1-8EE7-E80886D1953E}.Debug|Any CPU.Build.0 = Debug|Any CPU
		{E0289150-D0AE-4CE1-8EE7-E80886D1953E}.Release|Any CPU.ActiveCfg = Release|Any CPU
		{E0289150-D0AE-4CE1-8EE7-E80886D1953E}.Release|Any CPU.Build.0 = Release|Any CPU
	EndGlobalSection
	GlobalSection(SolutionProperties) = preSolution
		HideSolutionNode = FALSE
	EndGlobalSection
	GlobalSection(ExtensibilityGlobals) = postSolution
		SolutionGuid = {F22887BB-C5D0-4539-AA3E-2246E006ACC9}
	EndGlobalSection
EndGlobal
